// !$*UTF8*$!
{
	archiveVersion = 1;
	classes = {
	};
	objectVersion = 48;
	objects = {

/* Begin PBXBuildFile section */
		1C18DCDC201C7B11009D9A00 /* AppDelegate.m in Sources */ = {isa = PBXBuildFile; fileRef = 1C18DCDB201C7B11009D9A00 /* AppDelegate.m */; };
		1C18DCDF201C7B11009D9A00 /* ViewController.m in Sources */ = {isa = PBXBuildFile; fileRef = 1C18DCDE201C7B11009D9A00 /* ViewController.m */; };
		1C18DCE2201C7B11009D9A00 /* Main.storyboard in Resources */ = {isa = PBXBuildFile; fileRef = 1C18DCE0201C7B11009D9A00 /* Main.storyboard */; };
		1C18DCE4201C7B11009D9A00 /* Assets.xcassets in Resources */ = {isa = PBXBuildFile; fileRef = 1C18DCE3201C7B11009D9A00 /* Assets.xcassets */; };
		1C18DCE7201C7B11009D9A00 /* LaunchScreen.storyboard in Resources */ = {isa = PBXBuildFile; fileRef = 1C18DCE5201C7B11009D9A00 /* LaunchScreen.storyboard */; };
		1C18DCEA201C7B11009D9A00 /* main.m in Sources */ = {isa = PBXBuildFile; fileRef = 1C18DCE9201C7B11009D9A00 /* main.m */; };
		1C18DCF3201C7B49009D9A00 /* PageViewControllerAction.m in Sources */ = {isa = PBXBuildFile; fileRef = 1C18DCF2201C7B49009D9A00 /* PageViewControllerAction.m */; };
		1C18DCF6201C7C0D009D9A00 /* PageViewControllerActionItem.m in Sources */ = {isa = PBXBuildFile; fileRef = 1C18DCF5201C7C0D009D9A00 /* PageViewControllerActionItem.m */; };
		1C18DCF9201C870B009D9A00 /* ContentViewController.m in Sources */ = {isa = PBXBuildFile; fileRef = 1C18DCF8201C870B009D9A00 /* ContentViewController.m */; };
/* End PBXBuildFile section */

/* Begin PBXFileReference section */
		1C18DCD7201C7B11009D9A00 /* UIPageViewControllerDemo.app */ = {isa = PBXFileReference; explicitFileType = wrapper.application; includeInIndex = 0; path = UIPageViewControllerDemo.app; sourceTree = BUILT_PRODUCTS_DIR; };
		1C18DCDA201C7B11009D9A00 /* AppDelegate.h */ = {isa = PBXFileReference; lastKnownFileType = sourcecode.c.h; path = AppDelegate.h; sourceTree = "<group>"; };
		1C18DCDB201C7B11009D9A00 /* AppDelegate.m */ = {isa = PBXFileReference; lastKnownFileType = sourcecode.c.objc; path = AppDelegate.m; sourceTree = "<group>"; };
		1C18DCDD201C7B11009D9A00 /* ViewController.h */ = {isa = PBXFileReference; lastKnownFileType = sourcecode.c.h; path = ViewController.h; sourceTree = "<group>"; };
		1C18DCDE201C7B11009D9A00 /* ViewController.m */ = {isa = PBXFileReference; lastKnownFileType = sourcecode.c.objc; path = ViewController.m; sourceTree = "<group>"; };
		1C18DCE1201C7B11009D9A00 /* Base */ = {isa = PBXFileReference; lastKnownFileType = file.storyboard; name = Base; path = Base.lproj/Main.storyboard; sourceTree = "<group>"; };
		1C18DCE3201C7B11009D9A00 /* Assets.xcassets */ = {isa = PBXFileReference; lastKnownFileType = folder.assetcatalog; path = Assets.xcassets; sourceTree = "<group>"; };
		1C18DCE6201C7B11009D9A00 /* Base */ = {isa = PBXFileReference; lastKnownFileType = file.storyboard; name = Base; path = Base.lproj/LaunchScreen.storyboard; sourceTree = "<group>"; };
		1C18DCE8201C7B11009D9A00 /* Info.plist */ = {isa = PBXFileReference; lastKnownFileType = text.plist.xml; path = Info.plist; sourceTree = "<group>"; };
		1C18DCE9201C7B11009D9A00 /* main.m */ = {isa = PBXFileReference; lastKnownFileType = sourcecode.c.objc; path = main.m; sourceTree = "<group>"; };
		1C18DCF1201C7B49009D9A00 /* PageViewControllerAction.h */ = {isa = PBXFileReference; lastKnownFileType = sourcecode.c.h; path = PageViewControllerAction.h; sourceTree = "<group>"; };
		1C18DCF2201C7B49009D9A00 /* PageViewControllerAction.m */ = {isa = PBXFileReference; lastKnownFileType = sourcecode.c.objc; path = PageViewControllerAction.m; sourceTree = "<group>"; };
		1C18DCF4201C7C0D009D9A00 /* PageViewControllerActionItem.h */ = {isa = PBXFileReference; lastKnownFileType = sourcecode.c.h; path = PageViewControllerActionItem.h; sourceTree = "<group>"; };
		1C18DCF5201C7C0D009D9A00 /* PageViewControllerActionItem.m */ = {isa = PBXFileReference; lastKnownFileType = sourcecode.c.objc; path = PageViewControllerActionItem.m; sourceTree = "<group>"; };
		1C18DCF7201C870B009D9A00 /* ContentViewController.h */ = {isa = PBXFileReference; lastKnownFileType = sourcecode.c.h; path = ContentViewController.h; sourceTree = "<group>"; };
		1C18DCF8201C870B009D9A00 /* ContentViewController.m */ = {isa = PBXFileReference; lastKnownFileType = sourcecode.c.objc; path = ContentViewController.m; sourceTree = "<group>"; };
/* End PBXFileReference section */

/* Begin PBXFrameworksBuildPhase section */
		1C18DCD4201C7B11009D9A00 /* Frameworks */ = {
			isa = PBXFrameworksBuildPhase;
			buildActionMask = 2147483647;
			files = (
			);
			runOnlyForDeploymentPostprocessing = 0;
		};
/* End PBXFrameworksBuildPhase section */

/* Begin PBXGroup section */
		1C18DCCE201C7B11009D9A00 = {
			isa = PBXGroup;
			children = (
				1C18DCD9201C7B11009D9A00 /* UIPageViewControllerDemo */,
				1C18DCD8201C7B11009D9A00 /* Products */,
			);
			sourceTree = "<group>";
		};
		1C18DCD8201C7B11009D9A00 /* Products */ = {
			isa = PBXGroup;
			children = (
				1C18DCD7201C7B11009D9A00 /* UIPageViewControllerDemo.app */,
			);
			name = Products;
			sourceTree = "<group>";
		};
		1C18DCD9201C7B11009D9A00 /* UIPageViewControllerDemo */ = {
			isa = PBXGroup;
			children = (
				1C18DCF0201C7B34009D9A00 /* PageViewControllerAction */,
				1C18DCDA201C7B11009D9A00 /* AppDelegate.h */,
				1C18DCDB201C7B11009D9A00 /* AppDelegate.m */,
				1C18DCDD201C7B11009D9A00 /* ViewController.h */,
				1C18DCDE201C7B11009D9A00 /* ViewController.m */,
				1C18DCF7201C870B009D9A00 /* ContentViewController.h */,
				1C18DCF8201C870B009D9A00 /* ContentViewController.m */,
				1C18DCE0201C7B11009D9A00 /* Main.storyboard */,
				1C18DCE3201C7B11009D9A00 /* Assets.xcassets */,
				1C18DCE5201C7B11009D9A00 /* LaunchScreen.storyboard */,
				1C18DCE8201C7B11009D9A00 /* Info.plist */,
				1C18DCE9201C7B11009D9A00 /* main.m */,
			);
			path = UIPageViewControllerDemo;
			sourceTree = "<group>";
		};
		1C18DCF0201C7B34009D9A00 /* PageViewControllerAction */ = {
			isa = PBXGroup;
			children = (
				1C18DCF1201C7B49009D9A00 /* PageViewControllerAction.h */,
				1C18DCF2201C7B49009D9A00 /* PageViewControllerAction.m */,
				1C18DCF4201C7C0D009D9A00 /* PageViewControllerActionItem.h */,
				1C18DCF5201C7C0D009D9A00 /* PageViewControllerActionItem.m */,
			);
			path = PageViewControllerAction;
			sourceTree = "<group>";
		};
/* End PBXGroup section */

/* Begin PBXNativeTarget section */
		1C18DCD6201C7B11009D9A00 /* UIPageViewControllerDemo */ = {
			isa = PBXNativeTarget;
			buildConfigurationList = 1C18DCED201C7B11009D9A00 /* Build configuration list for PBXNativeTarget "UIPageViewControllerDemo" */;
			buildPhases = (
				1C18DCD3201C7B11009D9A00 /* Sources */,
				1C18DCD4201C7B11009D9A00 /* Frameworks */,
				1C18DCD5201C7B11009D9A00 /* Resources */,
			);
			buildRules = (
			);
			dependencies = (
			);
			name = UIPageViewControllerDemo;
			productName = UIPageViewControllerDemo;
			productReference = 1C18DCD7201C7B11009D9A00 /* UIPageViewControllerDemo.app */;
			productType = "com.apple.product-type.application";
		};
/* End PBXNativeTarget section */

/* Begin PBXProject section */
		1C18DCCF201C7B11009D9A00 /* Project object */ = {
			isa = PBXProject;
			attributes = {
				LastUpgradeCheck = 0920;
				ORGANIZATIONNAME = Four;
				TargetAttributes = {
					1C18DCD6201C7B11009D9A00 = {
						CreatedOnToolsVersion = 9.2;
						ProvisioningStyle = Automatic;
					};
				};
			};
			buildConfigurationList = 1C18DCD2201C7B11009D9A00 /* Build configuration list for PBXProject "UIPageViewControllerDemo" */;
			compatibilityVersion = "Xcode 8.0";
			developmentRegion = en;
			hasScannedForEncodings = 0;
			knownRegions = (
				en,
				Base,
			);
			mainGroup = 1C18DCCE201C7B11009D9A00;
			productRefGroup = 1C18DCD8201C7B11009D9A00 /* Products */;
			projectDirPath = "";
			projectRoot = "";
			targets = (
				1C18DCD6201C7B11009D9A00 /* UIPageViewControllerDemo */,
			);
		};
/* End PBXProject section */

/* Begin PBXResourcesBuildPhase section */
		1C18DCD5201C7B11009D9A00 /* Resources */ = {
			isa = PBXResourcesBuildPhase;
			buildActionMask = 2147483647;
			files = (
				1C18DCE7201C7B11009D9A00 /* LaunchScreen.storyboard in Resources */,
				1C18DCE4201C7B11009D9A00 /* Assets.xcassets in Resources */,
				1C18DCE2201C7B11009D9A00 /* Main.storyboard in Resources */,
			);
			runOnlyForDeploymentPostprocessing = 0;
		};
/* End PBXResourcesBuildPhase section */

/* Begin PBXSourcesBuildPhase section */
		1C18DCD3201C7B11009D9A00 /* Sources */ = {
			isa = PBXSourcesBuildPhase;
			buildActionMask = 2147483647;
			files = (
				1C18DCDF201C7B11009D9A00 /* ViewController.m in Sources */,
				1C18DCEA201C7B11009D9A00 /* main.m in Sources */,
				1C18DCF9201C870B009D9A00 /* ContentViewController.m in Sources */,
				1C18DCDC201C7B11009D9A00 /* AppDelegate.m in Sources */,
				1C18DCF3201C7B49009D9A00 /* PageViewControllerAction.m in Sources */,
				1C18DCF6201C7C0D009D9A00 /* PageViewControllerActionItem.m in Sources */,
			);
			runOnlyForDeploymentPostprocessing = 0;
		};
/* End PBXSourcesBuildPhase section */

/* Begin PBXVariantGroup section */
		1C18DCE0201C7B11009D9A00 /* Main.storyboard */ = {
			isa = PBXVariantGroup;
			children = (
				1C18DCE1201C7B11009D9A00 /* Base */,
			);
			name = Main.storyboard;
			sourceTree = "<group>";
		};
		1C18DCE5201C7B11009D9A00 /* LaunchScreen.storyboard */ = {
			isa = PBXVariantGroup;
			children = (
				1C18DCE6201C7B11009D9A00 /* Base */,
			);
			name = LaunchScreen.storyboard;
			sourceTree = "<group>";
		};
/* End PBXVariantGroup section */

/* Begin XCBuildConfiguration section */
		1C18DCEB201C7B11009D9A00 /* Debug */ = {
			isa = XCBuildConfiguration;
			buildSettings = {
				ALWAYS_SEARCH_USER_PATHS = NO;
				CLANG_ANALYZER_NONNULL = YES;
				CLANG_ANALYZER_NUMBER_OBJECT_CONVERSION = YES_AGGRESSIVE;
				CLANG_CXX_LANGUAGE_STANDARD = "gnu++14";
				CLANG_CXX_LIBRARY = "libc++";
				CLANG_ENABLE_MODULES = YES;
				CLANG_ENABLE_OBJC_ARC = YES;
				CLANG_WARN_BLOCK_CAPTURE_AUTORELEASING = YES;
				CLANG_WARN_BOOL_CONVERSION = YES;
				CLANG_WARN_COMMA = YES;
				CLANG_WARN_CONSTANT_CONVERSION = YES;
				CLANG_WARN_DIRECT_OBJC_ISA_USAGE = YES_ERROR;
				CLANG_WARN_DOCUMENTATION_COMMENTS = YES;
				CLANG_WARN_EMPTY_BODY = YES;
				CLANG_WARN_ENUM_CONVERSION = YES;
				CLANG_WARN_INFINITE_RECURSION = YES;
				CLANG_WARN_INT_CONVERSION = YES;
				CLANG_WARN_NON_LITERAL_NULL_CONVERSION = YES;
				CLANG_WARN_OBJC_LITERAL_CONVERSION = YES;
				CLANG_WARN_OBJC_ROOT_CLASS = YES_ERROR;
				CLANG_WARN_RANGE_LOOP_ANALYSIS = YES;
				CLANG_WARN_STRICT_PROTOTYPES = YES;
				CLANG_WARN_SUSPICIOUS_MOVE = YES;
				CLANG_WARN_UNGUARDED_AVAILABILITY = YES_AGGRESSIVE;
				CLANG_WARN_UNREACHABLE_CODE = YES;
				CLANG_WARN__DUPLICATE_METHOD_MATCH = YES;
				CODE_SIGN_IDENTITY = "iPhone Developer";
				COPY_PHASE_STRIP = NO;
				DEBUG_INFORMATION_FORMAT = dwarf;
				ENABLE_STRICT_OBJC_MSGSEND = YES;
				ENABLE_TESTABILITY = YES;
				GCC_C_LANGUAGE_STANDARD = gnu11;
				GCC_DYNAMIC_NO_PIC = NO;
				GCC_NO_COMMON_BLOCKS = YES;
				GCC_OPTIMIZATION_LEVEL = 0;
				GCC_PREPROCESSOR_DEFINITIONS = (
					"DEBUG=1",
					"$(inherited)",
				);
				GCC_WARN_64_TO_32_BIT_CONVERSION = YES;
				GCC_WARN_ABOUT_RETURN_TYPE = YES_ERROR;
				GCC_WARN_UNDECLARED_SELECTOR = YES;
				GCC_WARN_UNINITIALIZED_AUTOS = YES_AGGRESSIVE;
				GCC_WARN_UNUSED_FUNCTION = YES;
				GCC_WARN_UNUSED_VARIABLE = YES;
				IPHONEOS_DEPLOYMENT_TARGET = 11.2;
				MTL_ENABLE_DEBUG_INFO = YES;
				ONLY_ACTIVE_ARCH = YES;
				SDKROOT = iphoneos;
			};
			name = Debug;
		};
		1C18DCEC201C7B11009D9A00 /* Release */ = {
			isa = XCBuildConfiguration;
			buildSettings = {
				ALWAYS_SEARCH_USER_PATHS = NO;
				CLANG_ANALYZER_NONNULL = YES;
				CLANG_ANALYZER_NUMBER_OBJECT_CONVERSION = YES_AGGRESSIVE;
				CLANG_CXX_LANGUAGE_STANDARD = "gnu++14";
				CLANG_CXX_LIBRARY = "libc++";
				CLANG_ENABLE_MODULES = YES;
				CLANG_ENABLE_OBJC_ARC = YES;
				CLANG_WARN_BLOCK_CAPTURE_AUTORELEASING = YES;
				CLANG_WARN_BOOL_CONVERSION = YES;
				CLANG_WARN_COMMA = YES;
				CLANG_WARN_CONSTANT_CONVERSION = YES;
				CLANG_WARN_DIRECT_OBJC_ISA_USAGE = YES_ERROR;
				CLANG_WARN_DOCUMENTATION_COMMENTS = YES;
				CLANG_WARN_EMPTY_BODY = YES;
				CLANG_WARN_ENUM_CONVERSION = YES;
				CLANG_WARN_INFINITE_RECURSION = YES;
				CLANG_WARN_INT_CONVERSION = YES;
				CLANG_WARN_NON_LITERAL_NULL_CONVERSION = YES;
				CLANG_WARN_OBJC_LITERAL_CONVERSION = YES;
				CLANG_WARN_OBJC_ROOT_CLASS = YES_ERROR;
				CLANG_WARN_RANGE_LOOP_ANALYSIS = YES;
				CLANG_WARN_STRICT_PROTOTYPES = YES;
				CLANG_WARN_SUSPICIOUS_MOVE = YES;
				CLANG_WARN_UNGUARDED_AVAILABILITY = YES_AGGRESSIVE;
				CLANG_WARN_UNREACHABLE_CODE = YES;
				CLANG_WARN__DUPLICATE_METHOD_MATCH = YES;
				CODE_SIGN_IDENTITY = "iPhone Developer";
				COPY_PHASE_STRIP = NO;
				DEBUG_INFORMATION_FORMAT = "dwarf-with-dsym";
				ENABLE_NS_ASSERTIONS = NO;
				ENABLE_STRICT_OBJC_MSGSEND = YES;
				GCC_C_LANGUAGE_STANDARD = gnu11;
				GCC_NO_COMMON_BLOCKS = YES;
				GCC_WARN_64_TO_32_BIT_CONVERSION = YES;
				GCC_WARN_ABOUT_RETURN_TYPE = YES_ERROR;
				GCC_WARN_UNDECLARED_SELECTOR = YES;
				GCC_WARN_UNINITIALIZED_AUTOS = YES_AGGRESSIVE;
				GCC_WARN_UNUSED_FUNCTION = YES;
				GCC_WARN_UNUSED_VARIABLE = YES;
				IPHONEOS_DEPLOYMENT_TARGET = 11.2;
				MTL_ENABLE_DEBUG_INFO = NO;
				SDKROOT = iphoneos;
				VALIDATE_PRODUCT = YES;
			};
			name = Release;
		};
		1C18DCEE201C7B11009D9A00 /* Debug */ = {
			isa = XCBuildConfiguration;
			buildSettings = {
				ASSETCATALOG_COMPILER_APPICON_NAME = AppIcon;
				CODE_SIGN_STYLE = Automatic;
				INFOPLIST_FILE = UIPageViewControllerDemo/Info.plist;
				LD_RUNPATH_SEARCH_PATHS = "$(inherited) @executable_path/Frameworks";
				PRODUCT_BUNDLE_IDENTIFIER = Four.UIPageViewControllerDemo;
				PRODUCT_NAME = "$(TARGET_NAME)";
				TARGETED_DEVICE_FAMILY = "1,2";
			};
			name = Debug;
		};
		1C18DCEF201C7B11009D9A00 /* Release */ = {
			isa = XCBuildConfiguration;
			buildSettings = {
				ASSETCATALOG_COMPILER_APPICON_NAME = AppIcon;
				CODE_SIGN_STYLE = Automatic;
				INFOPLIST_FILE = UIPageViewControllerDemo/Info.plist;
				LD_RUNPATH_SEARCH_PATHS = "$(inherited) @executable_path/Frameworks";
				PRODUCT_BUNDLE_IDENTIFIER = Four.UIPageViewControllerDemo;
				PRODUCT_NAME = "$(TARGET_NAME)";
				TARGETED_DEVICE_FAMILY = "1,2";
			};
			name = Release;
		};
/* End XCBuildConfiguration section */

/* Begin XCConfigurationList section */
		1C18DCD2201C7B11009D9A00 /* Build configuration list for PBXProject "UIPageViewControllerDemo" */ = {
			isa = XCConfigurationList;
			buildConfigurations = (
				1C18DCEB201C7B11009D9A00 /* Debug */,
				1C18DCEC201C7B11009D9A00 /* Release */,
			);
			defaultConfigurationIsVisible = 0;
			defaultConfigurationName = Release;
		};
		1C18DCED201C7B11009D9A00 /* Build configuration list for PBXNativeTarget "UIPageViewControllerDemo" */ = {
			isa = XCConfigurationList;
			buildConfigurations = (
				1C18DCEE201C7B11009D9A00 /* Debug */,
				1C18DCEF201C7B11009D9A00 /* Release */,
			);
			defaultConfigurationIsVisible = 0;
			defaultConfigurationName = Release;
		};
/* End XCConfigurationList section */
	};
	rootObject = 1C18DCCF201C7B11009D9A00 /* Project object */;
}
